{
  "version": 4,
  "terraform_version": "1.0.0",
  "serial": 16,
  "lineage": "35555228-9240-3bd8-ef14-70641aa2b294",
  "outputs": {},
  "resources": [
    {
      "mode": "data",
      "type": "azurerm_client_config",
      "name": "current",
      "provider": "provider[\"registry.terraform.io/hashicorp/azurerm\"]",
      "instances": [
        {
          "schema_version": 0,
          "attributes": {
            "client_id": "04b07795-8ddb-461a-bbee-02f9e1bf7b46",
            "id": "2021-09-30 15:06:05.726367 +0000 UTC",
            "object_id": "9fc006c4-b1f2-4674-afe3-ca5e3b600f4d",
            "subscription_id": "18a693ad-2a01-48c7-a301-d133e434c0b6",
            "tenant_id": "be62a12b-2cad-49a1-a5fa-85f4f3156a7d",
            "timeouts": null
          },
          "sensitive_attributes": []
        }
      ]
    },
    {
      "mode": "managed",
      "type": "azurerm_key_vault",
      "name": "pytest_kv",
      "provider": "provider[\"registry.terraform.io/hashicorp/azurerm\"]",
      "instances": [
        {
          "schema_version": 2,
          "attributes": {
            "access_policy": [
              {
                "application_id": "",
                "certificate_permissions": [],
                "key_permissions": [
                  "Create",
                  "Get"
                ],
                "object_id": "9fc006c4-b1f2-4674-afe3-ca5e3b600f4d",
                "secret_permissions": [
                  "Set",
                  "Get",
                  "Delete",
                  "Purge",
                  "Recover"
                ],
                "storage_permissions": [],
                "tenant_id": "be62a12b-2cad-49a1-a5fa-85f4f3156a7d"
              }
            ],
            "contact": [],
            "enable_rbac_authorization": false,
            "enabled_for_deployment": false,
            "enabled_for_disk_encryption": false,
            "enabled_for_template_deployment": false,
            "id": "/subscriptions/18a693ad-2a01-48c7-a301-d133e434c0b6/resourceGroups/pytest/providers/Microsoft.KeyVault/vaults/pytestKeyVault",
            "location": "canadacentral",
            "name": "pytestKeyVault",
            "network_acls": [
              {
                "bypass": "AzureServices",
                "default_action": "Allow",
                "ip_rules": [],
                "virtual_network_subnet_ids": []
              }
            ],
            "purge_protection_enabled": false,
            "resource_group_name": "pytest",
            "sku_name": "premium",
            "soft_delete_enabled": true,
            "soft_delete_retention_days": 7,
            "tags": {},
            "tenant_id": "be62a12b-2cad-49a1-a5fa-85f4f3156a7d",
            "timeouts": null,
            "vault_uri": "https://pytestkeyvault.vault.azure.net/"
          },
          "sensitive_attributes": [],
          "private": "eyJlMmJmYjczMC1lY2FhLTExZTYtOGY4OC0zNDM2M2JjN2M0YzAiOnsiY3JlYXRlIjoxODAwMDAwMDAwMDAwLCJkZWxldGUiOjE4MDAwMDAwMDAwMDAsInJlYWQiOjMwMDAwMDAwMDAwMCwidXBkYXRlIjoxODAwMDAwMDAwMDAwfSwic2NoZW1hX3ZlcnNpb24iOiIyIn0=",
          "dependencies": [
            "azurerm_resource_group.pytest_rg",
            "data.azurerm_client_config.current"
          ]
        }
      ]
    },
    {
      "mode": "managed",
      "type": "azurerm_resource_group",
      "name": "pytest_rg",
      "provider": "provider[\"registry.terraform.io/hashicorp/azurerm\"]",
      "instances": [
        {
          "schema_version": 0,
          "attributes": {
            "id": "/subscriptions/18a693ad-2a01-48c7-a301-d133e434c0b6/resourceGroups/pytest",
            "location": "canadacentral",
            "name": "pytest",
            "tags": {},
            "timeouts": null
          },
          "sensitive_attributes": [],
          "private": "eyJlMmJmYjczMC1lY2FhLTExZTYtOGY4OC0zNDM2M2JjN2M0YzAiOnsiY3JlYXRlIjo1NDAwMDAwMDAwMDAwLCJkZWxldGUiOjU0MDAwMDAwMDAwMDAsInJlYWQiOjMwMDAwMDAwMDAwMCwidXBkYXRlIjo1NDAwMDAwMDAwMDAwfX0="
        }
      ]
    },
    {
      "mode": "managed",
      "type": "azurerm_storage_account",
      "name": "storage12345_sa",
      "provider": "provider[\"registry.terraform.io/hashicorp/azurerm\"]",
      "instances": [
        {
          "schema_version": 2,
          "attributes": {
            "access_tier": "Hot",
            "account_kind": "StorageV2",
            "account_replication_type": "LRS",
            "account_tier": "Standard",
            "allow_blob_public_access": false,
            "azure_files_authentication": [],
            "blob_properties": [
              {
                "change_feed_enabled": false,
                "container_delete_retention_policy": [],
                "cors_rule": [],
                "default_service_version": "",
                "delete_retention_policy": [],
                "last_access_time_enabled": false,
                "versioning_enabled": false
              }
            ],
            "custom_domain": [],
            "enable_https_traffic_only": true,
            "id": "/subscriptions/18a693ad-2a01-48c7-a301-d133e434c0b6/resourceGroups/pytest/providers/Microsoft.Storage/storageAccounts/storage12345storage12345",
            "identity": [],
            "is_hns_enabled": false,
            "large_file_share_enabled": null,
            "location": "canadacentral",
            "min_tls_version": "TLS1_0",
            "name": "storage12345storage12345",
            "network_rules": [
              {
                "bypass": [
                  "AzureServices"
                ],
                "default_action": "Allow",
                "ip_rules": [],
                "private_link_access": [],
                "virtual_network_subnet_ids": []
              }
            ],
            "nfsv3_enabled": false,
            "primary_access_key": "9PQ9VDT2WD6jFqTJOfumFFPAU7BpKwqbCLhRXSsfiek8lr5x4c67i609875yHNW3v9He2SSvMJ9jbmGySZJw0A==",
            "primary_blob_connection_string": "DefaultEndpointsProtocol=https;BlobEndpoint=https://storage12345storage12345.blob.core.windows.net/;AccountName=storage12345storage12345;AccountKey=9PQ9VDT2WD6jFqTJOfumFFPAU7BpKwqbCLhRXSsfiek8lr5x4c67i609875yHNW3v9He2SSvMJ9jbmGySZJw0A==",
            "primary_blob_endpoint": "https://storage12345storage12345.blob.core.windows.net/",
            "primary_blob_host": "storage12345storage12345.blob.core.windows.net",
            "primary_connection_string": "DefaultEndpointsProtocol=https;AccountName=storage12345storage12345;AccountKey=9PQ9VDT2WD6jFqTJOfumFFPAU7BpKwqbCLhRXSsfiek8lr5x4c67i609875yHNW3v9He2SSvMJ9jbmGySZJw0A==;EndpointSuffix=core.windows.net",
            "primary_dfs_endpoint": "https://storage12345storage12345.dfs.core.windows.net/",
            "primary_dfs_host": "storage12345storage12345.dfs.core.windows.net",
            "primary_file_endpoint": "https://storage12345storage12345.file.core.windows.net/",
            "primary_file_host": "storage12345storage12345.file.core.windows.net",
            "primary_location": "canadacentral",
            "primary_queue_endpoint": "https://storage12345storage12345.queue.core.windows.net/",
            "primary_queue_host": "storage12345storage12345.queue.core.windows.net",
            "primary_table_endpoint": "https://storage12345storage12345.table.core.windows.net/",
            "primary_table_host": "storage12345storage12345.table.core.windows.net",
            "primary_web_endpoint": "https://storage12345storage12345.z9.web.core.windows.net/",
            "primary_web_host": "storage12345storage12345.z9.web.core.windows.net",
            "queue_properties": [
              {
                "cors_rule": [],
                "hour_metrics": [
                  {
                    "enabled": true,
                    "include_apis": true,
                    "retention_policy_days": 7,
                    "version": "1.0"
                  }
                ],
                "logging": [
                  {
                    "delete": false,
                    "read": false,
                    "retention_policy_days": 0,
                    "version": "1.0",
                    "write": false
                  }
                ],
                "minute_metrics": [
                  {
                    "enabled": false,
                    "include_apis": false,
                    "retention_policy_days": 0,
                    "version": "1.0"
                  }
                ]
              }
            ],
            "resource_group_name": "pytest",
            "routing": [],
            "secondary_access_key": "7a7IgMau+gsCFo8TeAxe2ADOnv72Eo5Rb28c+Klxv3x+dN/rgpz7j7CpJt+25CPjfG4gLpzpZIpDrW2eb8O7Vg==",
            "secondary_blob_connection_string": "",
            "secondary_blob_endpoint": null,
            "secondary_blob_host": null,
            "secondary_connection_string": "DefaultEndpointsProtocol=https;AccountName=storage12345storage12345;AccountKey=7a7IgMau+gsCFo8TeAxe2ADOnv72Eo5Rb28c+Klxv3x+dN/rgpz7j7CpJt+25CPjfG4gLpzpZIpDrW2eb8O7Vg==;EndpointSuffix=core.windows.net",
            "secondary_dfs_endpoint": null,
            "secondary_dfs_host": null,
            "secondary_file_endpoint": null,
            "secondary_file_host": null,
            "secondary_location": "",
            "secondary_queue_endpoint": null,
            "secondary_queue_host": null,
            "secondary_table_endpoint": null,
            "secondary_table_host": null,
            "secondary_web_endpoint": null,
            "secondary_web_host": null,
            "share_properties": [
              {
                "cors_rule": [],
                "retention_policy": [
                  {
                    "days": 7
                  }
                ],
                "smb": []
              }
            ],
            "shared_access_key_enabled": true,
            "static_website": [],
            "tags": {
              "environment": "staging"
            },
            "timeouts": null
          },
          "sensitive_attributes": [],
          "private": "eyJlMmJmYjczMC1lY2FhLTExZTYtOGY4OC0zNDM2M2JjN2M0YzAiOnsiY3JlYXRlIjozNjAwMDAwMDAwMDAwLCJkZWxldGUiOjM2MDAwMDAwMDAwMDAsInJlYWQiOjMwMDAwMDAwMDAwMCwidXBkYXRlIjozNjAwMDAwMDAwMDAwfSwic2NoZW1hX3ZlcnNpb24iOiIyIn0=",
          "dependencies": [
            "azurerm_resource_group.pytest_rg"
          ]
        }
      ]
    },
    {
      "mode": "managed",
      "type": "azurerm_storage_container",
      "name": "storage1_container",
      "provider": "provider[\"registry.terraform.io/hashicorp/azurerm\"]",
      "instances": [
        {
          "schema_version": 1,
          "attributes": {
            "container_access_type": "private",
            "has_immutability_policy": false,
            "has_legal_hold": false,
            "id": "https://storage12345storage12345.blob.core.windows.net/file",
            "metadata": {},
            "name": "file",
            "resource_manager_id": "/subscriptions/18a693ad-2a01-48c7-a301-d133e434c0b6/resourceGroups/pytest/providers/Microsoft.Storage/storageAccounts/storage12345storage12345/blobServices/default/containers/file",
            "storage_account_name": "storage12345storage12345",
            "timeouts": null
          },
          "sensitive_attributes": [],
          "private": "eyJlMmJmYjczMC1lY2FhLTExZTYtOGY4OC0zNDM2M2JjN2M0YzAiOnsiY3JlYXRlIjoxODAwMDAwMDAwMDAwLCJkZWxldGUiOjE4MDAwMDAwMDAwMDAsInJlYWQiOjMwMDAwMDAwMDAwMCwidXBkYXRlIjoxODAwMDAwMDAwMDAwfSwic2NoZW1hX3ZlcnNpb24iOiIxIn0=",
          "dependencies": [
            "azurerm_resource_group.pytest_rg",
            "azurerm_storage_account.storage12345_sa"
          ]
        }
      ]
    }
  ]
}
