{
  "version": 4,
  "terraform_version": "1.0.0",
  "serial": 21,
  "lineage": "729016c9-b928-df6c-4362-7219e627a268",
  "outputs": {},
  "resources": [
    {
      "mode": "data",
      "type": "azurerm_client_config",
      "name": "current",
      "provider": "provider[\"registry.terraform.io/hashicorp/azurerm\"]",
      "instances": [
        {
          "schema_version": 0,
          "attributes": {
            "client_id": "04b07795-8ddb-461a-bbee-02f9e1bf7b46",
            "id": "2021-10-01 16:26:42.958257 +0000 UTC",
            "object_id": "9fc006c4-b1f2-4674-afe3-ca5e3b600f4d",
            "subscription_id": "18a693ad-2a01-48c7-a301-d133e434c0b6",
            "tenant_id": "be62a12b-2cad-49a1-a5fa-85f4f3156a7d",
            "timeouts": null
          },
          "sensitive_attributes": []
        }
      ]
    },
    {
      "mode": "data",
      "type": "azurerm_key_vault",
      "name": "pytest_kv",
      "provider": "provider[\"registry.terraform.io/hashicorp/azurerm\"]",
      "instances": [
        {
          "schema_version": 0,
          "attributes": {
            "access_policy": [
              {
                "application_id": "",
                "certificate_permissions": [],
                "key_permissions": [
                  "Create",
                  "Get"
                ],
                "object_id": "9fc006c4-b1f2-4674-afe3-ca5e3b600f4d",
                "secret_permissions": [
                  "Set",
                  "Get",
                  "Delete",
                  "Purge",
                  "Recover",
                  "List"
                ],
                "storage_permissions": [],
                "tenant_id": "be62a12b-2cad-49a1-a5fa-85f4f3156a7d"
              }
            ],
            "enabled_for_deployment": false,
            "enabled_for_disk_encryption": false,
            "enabled_for_template_deployment": true,
            "id": "/subscriptions/18a693ad-2a01-48c7-a301-d133e434c0b6/resourceGroups/pytest/providers/Microsoft.KeyVault/vaults/pytestKeyVault",
            "location": "canadacentral",
            "name": "pytestKeyVault",
            "network_acls": [],
            "purge_protection_enabled": false,
            "resource_group_name": "pytest",
            "sku_name": "premium",
            "soft_delete_enabled": true,
            "tags": {},
            "tenant_id": "be62a12b-2cad-49a1-a5fa-85f4f3156a7d",
            "timeouts": null,
            "vault_uri": "https://pytestkeyvault.vault.azure.net/"
          },
          "sensitive_attributes": []
        }
      ]
    },
    {
      "mode": "data",
      "type": "azurerm_key_vault_secret",
      "name": "secretPassword1",
      "provider": "provider[\"registry.terraform.io/hashicorp/azurerm\"]",
      "instances": [
        {
          "schema_version": 0,
          "attributes": {
            "content_type": "",
            "id": "https://pytestkeyvault.vault.azure.net/secrets/secretPassword1/426ae95ad6c64e38955756d420fcb998",
            "key_vault_id": "/subscriptions/18a693ad-2a01-48c7-a301-d133e434c0b6/resourceGroups/pytest/providers/Microsoft.KeyVault/vaults/pytestKeyVault",
            "name": "secretPassword1",
            "tags": {},
            "timeouts": null,
            "value": "jasoniscool",
            "version": "426ae95ad6c64e38955756d420fcb998",
            "versionless_id": "https://pytestkeyvault.vault.azure.net/secrets/secretPassword1"
          },
          "sensitive_attributes": []
        }
      ]
    },
    {
      "mode": "managed",
      "type": "azurerm_resource_group",
      "name": "pytest_rg",
      "provider": "provider[\"registry.terraform.io/hashicorp/azurerm\"]",
      "instances": [
        {
          "schema_version": 0,
          "attributes": {
            "id": "/subscriptions/18a693ad-2a01-48c7-a301-d133e434c0b6/resourceGroups/pytest",
            "location": "canadacentral",
            "name": "pytest",
            "tags": {},
            "timeouts": {
              "create": null,
              "delete": null,
              "read": null,
              "update": null
            }
          },
          "sensitive_attributes": [],
          "private": "eyJlMmJmYjczMC1lY2FhLTExZTYtOGY4OC0zNDM2M2JjN2M0YzAiOnsiY3JlYXRlIjo1NDAwMDAwMDAwMDAwLCJkZWxldGUiOjU0MDAwMDAwMDAwMDAsInJlYWQiOjMwMDAwMDAwMDAwMCwidXBkYXRlIjo1NDAwMDAwMDAwMDAwfSwic2NoZW1hX3ZlcnNpb24iOiIwIn0="
        }
      ]
    },
    {
      "mode": "managed",
      "type": "azurerm_storage_account",
      "name": "storage12345_sa",
      "provider": "provider[\"registry.terraform.io/hashicorp/azurerm\"]",
      "instances": [
        {
          "schema_version": 2,
          "attributes": {
            "access_tier": "Hot",
            "account_kind": "StorageV2",
            "account_replication_type": "LRS",
            "account_tier": "Standard",
            "allow_blob_public_access": false,
            "azure_files_authentication": [],
            "blob_properties": [
              {
                "change_feed_enabled": false,
                "container_delete_retention_policy": [],
                "cors_rule": [],
                "default_service_version": "",
                "delete_retention_policy": [],
                "last_access_time_enabled": false,
                "versioning_enabled": false
              }
            ],
            "custom_domain": [],
            "enable_https_traffic_only": true,
            "id": "/subscriptions/18a693ad-2a01-48c7-a301-d133e434c0b6/resourceGroups/pytest/providers/Microsoft.Storage/storageAccounts/storage12345storage12345",
            "identity": [],
            "is_hns_enabled": false,
            "large_file_share_enabled": null,
            "location": "canadacentral",
            "min_tls_version": "TLS1_0",
            "name": "storage12345storage12345",
            "network_rules": [
              {
                "bypass": [
                  "AzureServices"
                ],
                "default_action": "Allow",
                "ip_rules": [],
                "private_link_access": [],
                "virtual_network_subnet_ids": []
              }
            ],
            "nfsv3_enabled": false,
            "primary_access_key": "cy/jGAS/LEXoS4CXwPtg1c4ue+N7y05VwmXogWrwO2ICHkkaJDomwVnx0N3LzhXmIOVyxfL+sjDn+WnR/VcqkA==",
            "primary_blob_connection_string": "DefaultEndpointsProtocol=https;BlobEndpoint=https://storage12345storage12345.blob.core.windows.net/;AccountName=storage12345storage12345;AccountKey=cy/jGAS/LEXoS4CXwPtg1c4ue+N7y05VwmXogWrwO2ICHkkaJDomwVnx0N3LzhXmIOVyxfL+sjDn+WnR/VcqkA==",
            "primary_blob_endpoint": "https://storage12345storage12345.blob.core.windows.net/",
            "primary_blob_host": "storage12345storage12345.blob.core.windows.net",
            "primary_connection_string": "DefaultEndpointsProtocol=https;AccountName=storage12345storage12345;AccountKey=cy/jGAS/LEXoS4CXwPtg1c4ue+N7y05VwmXogWrwO2ICHkkaJDomwVnx0N3LzhXmIOVyxfL+sjDn+WnR/VcqkA==;EndpointSuffix=core.windows.net",
            "primary_dfs_endpoint": "https://storage12345storage12345.dfs.core.windows.net/",
            "primary_dfs_host": "storage12345storage12345.dfs.core.windows.net",
            "primary_file_endpoint": "https://storage12345storage12345.file.core.windows.net/",
            "primary_file_host": "storage12345storage12345.file.core.windows.net",
            "primary_location": "canadacentral",
            "primary_queue_endpoint": "https://storage12345storage12345.queue.core.windows.net/",
            "primary_queue_host": "storage12345storage12345.queue.core.windows.net",
            "primary_table_endpoint": "https://storage12345storage12345.table.core.windows.net/",
            "primary_table_host": "storage12345storage12345.table.core.windows.net",
            "primary_web_endpoint": "https://storage12345storage12345.z9.web.core.windows.net/",
            "primary_web_host": "storage12345storage12345.z9.web.core.windows.net",
            "queue_properties": [
              {
                "cors_rule": [],
                "hour_metrics": [
                  {
                    "enabled": true,
                    "include_apis": true,
                    "retention_policy_days": 7,
                    "version": "1.0"
                  }
                ],
                "logging": [
                  {
                    "delete": false,
                    "read": false,
                    "retention_policy_days": 0,
                    "version": "1.0",
                    "write": false
                  }
                ],
                "minute_metrics": [
                  {
                    "enabled": false,
                    "include_apis": false,
                    "retention_policy_days": 0,
                    "version": "1.0"
                  }
                ]
              }
            ],
            "resource_group_name": "pytest",
            "routing": [],
            "secondary_access_key": "S3VubYiZqnWtq59ZF45YoCjFfbxJA+SiPupaTFiJZS6nSXijXrv/T37l0oM2ypOtYLeuRIHEkwqQzzqJ6Ou8IA==",
            "secondary_blob_connection_string": "",
            "secondary_blob_endpoint": null,
            "secondary_blob_host": null,
            "secondary_connection_string": "DefaultEndpointsProtocol=https;AccountName=storage12345storage12345;AccountKey=S3VubYiZqnWtq59ZF45YoCjFfbxJA+SiPupaTFiJZS6nSXijXrv/T37l0oM2ypOtYLeuRIHEkwqQzzqJ6Ou8IA==;EndpointSuffix=core.windows.net",
            "secondary_dfs_endpoint": null,
            "secondary_dfs_host": null,
            "secondary_file_endpoint": null,
            "secondary_file_host": null,
            "secondary_location": "",
            "secondary_queue_endpoint": null,
            "secondary_queue_host": null,
            "secondary_table_endpoint": null,
            "secondary_table_host": null,
            "secondary_web_endpoint": null,
            "secondary_web_host": null,
            "share_properties": [
              {
                "cors_rule": [],
                "retention_policy": [
                  {
                    "days": 7
                  }
                ],
                "smb": []
              }
            ],
            "shared_access_key_enabled": true,
            "static_website": [],
            "tags": {
              "environment": "staging"
            },
            "timeouts": null
          },
          "sensitive_attributes": [],
          "private": "eyJlMmJmYjczMC1lY2FhLTExZTYtOGY4OC0zNDM2M2JjN2M0YzAiOnsiY3JlYXRlIjozNjAwMDAwMDAwMDAwLCJkZWxldGUiOjM2MDAwMDAwMDAwMDAsInJlYWQiOjMwMDAwMDAwMDAwMCwidXBkYXRlIjozNjAwMDAwMDAwMDAwfSwic2NoZW1hX3ZlcnNpb24iOiIyIn0=",
          "dependencies": [
            "azurerm_resource_group.pytest_rg"
          ]
        }
      ]
    },
    {
      "mode": "managed",
      "type": "azurerm_storage_container",
      "name": "storage1_container",
      "provider": "provider[\"registry.terraform.io/hashicorp/azurerm\"]",
      "instances": [
        {
          "index_key": 0,
          "schema_version": 1,
          "attributes": {
            "container_access_type": "private",
            "has_immutability_policy": false,
            "has_legal_hold": false,
            "id": "https://storage12345storage12345.blob.core.windows.net/file0",
            "metadata": {},
            "name": "file0",
            "resource_manager_id": "/subscriptions/18a693ad-2a01-48c7-a301-d133e434c0b6/resourceGroups/pytest/providers/Microsoft.Storage/storageAccounts/storage12345storage12345/blobServices/default/containers/file0",
            "storage_account_name": "storage12345storage12345",
            "timeouts": null
          },
          "sensitive_attributes": [],
          "private": "eyJlMmJmYjczMC1lY2FhLTExZTYtOGY4OC0zNDM2M2JjN2M0YzAiOnsiY3JlYXRlIjoxODAwMDAwMDAwMDAwLCJkZWxldGUiOjE4MDAwMDAwMDAwMDAsInJlYWQiOjMwMDAwMDAwMDAwMCwidXBkYXRlIjoxODAwMDAwMDAwMDAwfSwic2NoZW1hX3ZlcnNpb24iOiIxIn0=",
          "dependencies": [
            "azurerm_resource_group.pytest_rg",
            "azurerm_storage_account.storage12345_sa",
            "data.azurerm_key_vault.pytest_kv",
            "data.azurerm_key_vault_secret.secretPassword1"
          ]
        },
        {
          "index_key": 1,
          "schema_version": 1,
          "attributes": {
            "container_access_type": "private",
            "has_immutability_policy": false,
            "has_legal_hold": false,
            "id": "https://storage12345storage12345.blob.core.windows.net/jasoniscool1",
            "metadata": {},
            "name": "jasoniscool1",
            "resource_manager_id": "/subscriptions/18a693ad-2a01-48c7-a301-d133e434c0b6/resourceGroups/pytest/providers/Microsoft.Storage/storageAccounts/storage12345storage12345/blobServices/default/containers/jasoniscool1",
            "storage_account_name": "storage12345storage12345",
            "timeouts": null
          },
          "sensitive_attributes": [
            [
              {
                "type": "get_attr",
                "value": "name"
              }
            ]
          ],
          "private": "eyJlMmJmYjczMC1lY2FhLTExZTYtOGY4OC0zNDM2M2JjN2M0YzAiOnsiY3JlYXRlIjoxODAwMDAwMDAwMDAwLCJkZWxldGUiOjE4MDAwMDAwMDAwMDAsInJlYWQiOjMwMDAwMDAwMDAwMCwidXBkYXRlIjoxODAwMDAwMDAwMDAwfSwic2NoZW1hX3ZlcnNpb24iOiIxIn0=",
          "dependencies": [
            "azurerm_storage_account.storage12345_sa",
            "data.azurerm_key_vault_secret.secretPassword1"
          ]
        },
        {
          "index_key": 2,
          "schema_version": 1,
          "attributes": {
            "container_access_type": "private",
            "has_immutability_policy": false,
            "has_legal_hold": false,
            "id": "https://storage12345storage12345.blob.core.windows.net/file2",
            "metadata": {},
            "name": "file2",
            "resource_manager_id": "/subscriptions/18a693ad-2a01-48c7-a301-d133e434c0b6/resourceGroups/pytest/providers/Microsoft.Storage/storageAccounts/storage12345storage12345/blobServices/default/containers/file2",
            "storage_account_name": "storage12345storage12345",
            "timeouts": null
          },
          "sensitive_attributes": [],
          "private": "eyJlMmJmYjczMC1lY2FhLTExZTYtOGY4OC0zNDM2M2JjN2M0YzAiOnsiY3JlYXRlIjoxODAwMDAwMDAwMDAwLCJkZWxldGUiOjE4MDAwMDAwMDAwMDAsInJlYWQiOjMwMDAwMDAwMDAwMCwidXBkYXRlIjoxODAwMDAwMDAwMDAwfSwic2NoZW1hX3ZlcnNpb24iOiIxIn0=",
          "dependencies": [
            "azurerm_resource_group.pytest_rg",
            "azurerm_storage_account.storage12345_sa",
            "data.azurerm_key_vault.pytest_kv",
            "data.azurerm_key_vault_secret.secretPassword1"
          ]
        },
        {
          "index_key": 3,
          "schema_version": 1,
          "attributes": {
            "container_access_type": "private",
            "has_immutability_policy": false,
            "has_legal_hold": false,
            "id": "https://storage12345storage12345.blob.core.windows.net/jasoniscool3",
            "metadata": {},
            "name": "jasoniscool3",
            "resource_manager_id": "/subscriptions/18a693ad-2a01-48c7-a301-d133e434c0b6/resourceGroups/pytest/providers/Microsoft.Storage/storageAccounts/storage12345storage12345/blobServices/default/containers/jasoniscool3",
            "storage_account_name": "storage12345storage12345",
            "timeouts": null
          },
          "sensitive_attributes": [
            [
              {
                "type": "get_attr",
                "value": "name"
              }
            ]
          ],
          "private": "eyJlMmJmYjczMC1lY2FhLTExZTYtOGY4OC0zNDM2M2JjN2M0YzAiOnsiY3JlYXRlIjoxODAwMDAwMDAwMDAwLCJkZWxldGUiOjE4MDAwMDAwMDAwMDAsInJlYWQiOjMwMDAwMDAwMDAwMCwidXBkYXRlIjoxODAwMDAwMDAwMDAwfSwic2NoZW1hX3ZlcnNpb24iOiIxIn0=",
          "dependencies": [
            "azurerm_storage_account.storage12345_sa",
            "data.azurerm_key_vault_secret.secretPassword1"
          ]
        },
        {
          "index_key": 4,
          "schema_version": 1,
          "attributes": {
            "container_access_type": "private",
            "has_immutability_policy": false,
            "has_legal_hold": false,
            "id": "https://storage12345storage12345.blob.core.windows.net/file4",
            "metadata": {},
            "name": "file4",
            "resource_manager_id": "/subscriptions/18a693ad-2a01-48c7-a301-d133e434c0b6/resourceGroups/pytest/providers/Microsoft.Storage/storageAccounts/storage12345storage12345/blobServices/default/containers/file4",
            "storage_account_name": "storage12345storage12345",
            "timeouts": null
          },
          "sensitive_attributes": [],
          "private": "eyJlMmJmYjczMC1lY2FhLTExZTYtOGY4OC0zNDM2M2JjN2M0YzAiOnsiY3JlYXRlIjoxODAwMDAwMDAwMDAwLCJkZWxldGUiOjE4MDAwMDAwMDAwMDAsInJlYWQiOjMwMDAwMDAwMDAwMCwidXBkYXRlIjoxODAwMDAwMDAwMDAwfSwic2NoZW1hX3ZlcnNpb24iOiIxIn0=",
          "dependencies": [
            "data.azurerm_key_vault.pytest_kv",
            "data.azurerm_key_vault_secret.secretPassword1",
            "azurerm_resource_group.pytest_rg",
            "azurerm_storage_account.storage12345_sa"
          ]
        }
      ]
    }
  ]
}
